
Microsoft Visual Studio Solution File, Format Version 12.00
# Visual Studio Version 16
VisualStudioVersion = 16.0.30323.103
MinimumVisualStudioVersion = 10.0.40219.1
Project("{FAE04EC0-301F-11D3-BF4B-00C04F79EFBC}") = "WebsiteProject.Web", "WebsiteProject.Web\WebsiteProject.Web.csproj", "{D7C034D6-81A7-405A-ABA3-EDE478C2BC01}"
EndProject
Global
	GlobalSection(SolutionConfigurationPlatforms) = preSolution
		Debug|Any CPU = Debug|Any CPU
		Release|Any CPU = Release|Any CPU
	EndGlobalSection
	GlobalSection(ProjectConfigurationPlatforms) = postSolution
		{D7C034D6-81A7-405A-ABA3-EDE478C2BC01}.Debug|Any CPU.ActiveCfg = Debug|Any CPU
		{D7C034D6-81A7-405A-ABA3-EDE478C2BC01}.Debug|Any CPU.Build.0 = Debug|Any CPU
		{D7C034D6-81A7-405A-ABA3-EDE478C2BC01}.Release|Any CPU.ActiveCfg = Release|Any CPU
		{D7C034D6-81A7-405A-ABA3-EDE478C2BC01}.Release|Any CPU.Build.0 = Release|Any CPU
	EndGlobalSection
	GlobalSection(SolutionProperties) = preSolution
		HideSolutionNode = FALSE
	EndGlobalSection
	GlobalSection(ExtensibilityGlobals) = postSolution
		SolutionGuid = {B2433543-39C7-4202-94F7-4C60596B5185}
	EndGlobalSection
EndGlobal
